
Microsoft Visual Studio Solution File, Format Version 12.00
# Visual Studio 15
VisualStudioVersion = 15.0.28307.1622
MinimumVisualStudioVersion = 10.0.40219.1
Project("{FAE04EC0-301F-11D3-BF4B-00C04F79EFBC}") = "SaperApi", "SaperApi\SaperApi.csproj", "{53B5DBFC-31FF-4ED7-B60C-6205034CF220}"
EndProject
Global
	GlobalSection(SolutionConfigurationPlatforms) = preSolution
		Debug|Any CPU = Debug|Any CPU
		Release|Any CPU = Release|Any CPU
	EndGlobalSection
	GlobalSection(ProjectConfigurationPlatforms) = postSolution
		{53B5DBFC-31FF-4ED7-B60C-6205034CF220}.Debug|Any CPU.ActiveCfg = Debug|Any CPU
		{53B5DBFC-31FF-4ED7-B60C-6205034CF220}.Debug|Any CPU.Build.0 = Debug|Any CPU
		{53B5DBFC-31FF-4ED7-B60C-6205034CF220}.Release|Any CPU.ActiveCfg = Release|Any CPU
		{53B5DBFC-31FF-4ED7-B60C-6205034CF220}.Release|Any CPU.Build.0 = Release|Any CPU
	EndGlobalSection
	GlobalSection(SolutionProperties) = preSolution
		HideSolutionNode = FALSE
	EndGlobalSection
	GlobalSection(ExtensibilityGlobals) = postSolution
		SolutionGuid = {E2747139-255D-448B-87B5-DA46FD359DBE}
	EndGlobalSection
EndGlobal
